// !$*UTF8*$!
{
	archiveVersion = 1;
	classes = {
	};
	objectVersion = 46;
	objects = {

/* Begin PBXBuildFile section */
		871658341CC110020044DF27 /* ZFRippleButton.swift in Sources */ = {isa = PBXBuildFile; fileRef = 871658331CC110020044DF27 /* ZFRippleButton.swift */; };
		871658361CC382420044DF27 /* topbackground.png in Resources */ = {isa = PBXBuildFile; fileRef = 871658351CC382420044DF27 /* topbackground.png */; };
		8716583A1CC38E7F0044DF27 /* topbackground_logo.png in Resources */ = {isa = PBXBuildFile; fileRef = 871658391CC38E7F0044DF27 /* topbackground_logo.png */; };
		8716583C1CC3A9BE0044DF27 /* choiceBtn1.png in Resources */ = {isa = PBXBuildFile; fileRef = 8716583B1CC3A9BE0044DF27 /* choiceBtn1.png */; };
		871658481CC3B3C50044DF27 /* choiceBtn2.png in Resources */ = {isa = PBXBuildFile; fileRef = 8716583D1CC3B3C50044DF27 /* choiceBtn2.png */; };
		871658491CC3B3C50044DF27 /* choiceBtn3.png in Resources */ = {isa = PBXBuildFile; fileRef = 8716583E1CC3B3C50044DF27 /* choiceBtn3.png */; };
		8716584A1CC3B3C50044DF27 /* choiceBtn4.png in Resources */ = {isa = PBXBuildFile; fileRef = 8716583F1CC3B3C50044DF27 /* choiceBtn4.png */; };
		8716584B1CC3B3C50044DF27 /* choiceBtn5.png in Resources */ = {isa = PBXBuildFile; fileRef = 871658401CC3B3C50044DF27 /* choiceBtn5.png */; };
		8716584C1CC3B3C50044DF27 /* choiceBtn6.png in Resources */ = {isa = PBXBuildFile; fileRef = 871658411CC3B3C50044DF27 /* choiceBtn6.png */; };
		8716584D1CC3B3C50044DF27 /* choiceBtn7.png in Resources */ = {isa = PBXBuildFile; fileRef = 871658421CC3B3C50044DF27 /* choiceBtn7.png */; };
		8716584E1CC3B3C50044DF27 /* choiceBtn8.png in Resources */ = {isa = PBXBuildFile; fileRef = 871658431CC3B3C50044DF27 /* choiceBtn8.png */; };
		8716584F1CC3B3C50044DF27 /* choiceBtn9.png in Resources */ = {isa = PBXBuildFile; fileRef = 871658441CC3B3C50044DF27 /* choiceBtn9.png */; };
		871658501CC3B3C50044DF27 /* choiceBtn10.png in Resources */ = {isa = PBXBuildFile; fileRef = 871658451CC3B3C50044DF27 /* choiceBtn10.png */; };
		871658511CC3B3C50044DF27 /* choiceBtn11.png in Resources */ = {isa = PBXBuildFile; fileRef = 871658461CC3B3C50044DF27 /* choiceBtn11.png */; };
		871658521CC3B3C50044DF27 /* choiceBtn12.png in Resources */ = {isa = PBXBuildFile; fileRef = 871658471CC3B3C50044DF27 /* choiceBtn12.png */; };
		871658561CC45B170044DF27 /* down.png in Resources */ = {isa = PBXBuildFile; fileRef = 871658551CC45B170044DF27 /* down.png */; };
		8716585A1CC45D390044DF27 /* front2.png in Resources */ = {isa = PBXBuildFile; fileRef = 871658591CC45D390044DF27 /* front2.png */; };
		871658601CC460970044DF27 /* front4.png in Resources */ = {isa = PBXBuildFile; fileRef = 8716585F1CC460970044DF27 /* front4.png */; };
		871658621CC461240044DF27 /* down2.png in Resources */ = {isa = PBXBuildFile; fileRef = 871658611CC461240044DF27 /* down2.png */; };
		871658641CC4627B0044DF27 /* quizback.png in Resources */ = {isa = PBXBuildFile; fileRef = 871658631CC4627B0044DF27 /* quizback.png */; };
		871658661CC4D9C80044DF27 /* backbutton.png in Resources */ = {isa = PBXBuildFile; fileRef = 871658651CC4D9C80044DF27 /* backbutton.png */; };
		871658681CC4DE8F0044DF27 /* backbutton2.png in Resources */ = {isa = PBXBuildFile; fileRef = 871658671CC4DE8F0044DF27 /* backbutton2.png */; };
		8716586E1CC5FAAF0044DF27 /* gizagizaunder.png in Resources */ = {isa = PBXBuildFile; fileRef = 8716586D1CC5FAAF0044DF27 /* gizagizaunder.png */; };
		871658701CC5FD240044DF27 /* kaisetsuBG.png in Resources */ = {isa = PBXBuildFile; fileRef = 8716586F1CC5FD240044DF27 /* kaisetsuBG.png */; };
		871658721CC62C310044DF27 /* maru2.png in Resources */ = {isa = PBXBuildFile; fileRef = 871658711CC62C310044DF27 /* maru2.png */; };
		871658741CC62C370044DF27 /* batsu2.png in Resources */ = {isa = PBXBuildFile; fileRef = 871658731CC62C370044DF27 /* batsu2.png */; };
		871658781CC6340B0044DF27 /* scorebackunder.png in Resources */ = {isa = PBXBuildFile; fileRef = 871658771CC6340B0044DF27 /* scorebackunder.png */; };
		8716587A1CC634110044DF27 /* scorebackupside.png in Resources */ = {isa = PBXBuildFile; fileRef = 871658791CC634110044DF27 /* scorebackupside.png */; };
		8716587C1CC65A860044DF27 /* Goukaku2.png in Resources */ = {isa = PBXBuildFile; fileRef = 8716587B1CC65A860044DF27 /* Goukaku2.png */; };
		873695991CB89AB1002E9F81 /* Fugoukaku.png in Resources */ = {isa = PBXBuildFile; fileRef = 873695981CB89AB1002E9F81 /* Fugoukaku.png */; };
		8736959B1CB8E158002E9F81 /* btn_on.png in Resources */ = {isa = PBXBuildFile; fileRef = 8736959A1CB8E158002E9F81 /* btn_on.png */; };
		873695A91CBA54A8002E9F81 /* kenteiBack.png in Resources */ = {isa = PBXBuildFile; fileRef = 873695A81CBA54A8002E9F81 /* kenteiBack.png */; };
		873695AB1CBA5553002E9F81 /* kenteiBackOn.png in Resources */ = {isa = PBXBuildFile; fileRef = 873695AA1CBA5553002E9F81 /* kenteiBackOn.png */; };
		873695B51CBBD26D002E9F81 /* kentei1.csv in Resources */ = {isa = PBXBuildFile; fileRef = 873695B41CBBD26D002E9F81 /* kentei1.csv */; };
		873695B71CBE59EA002E9F81 /* kentei2.csv in Resources */ = {isa = PBXBuildFile; fileRef = 873695B61CBE59EA002E9F81 /* kentei2.csv */; };
		873695B91CBE5A19002E9F81 /* kentei3.csv in Resources */ = {isa = PBXBuildFile; fileRef = 873695B81CBE5A19002E9F81 /* kentei3.csv */; };
		873695BB1CBE5A35002E9F81 /* kentei4.csv in Resources */ = {isa = PBXBuildFile; fileRef = 873695BA1CBE5A35002E9F81 /* kentei4.csv */; };
		873695BD1CBE5A43002E9F81 /* kentei5.csv in Resources */ = {isa = PBXBuildFile; fileRef = 873695BC1CBE5A43002E9F81 /* kentei5.csv */; };
		873695BF1CBE5A89002E9F81 /* kentei6.csv in Resources */ = {isa = PBXBuildFile; fileRef = 873695BE1CBE5A89002E9F81 /* kentei6.csv */; };
		873695C11CBE5A99002E9F81 /* kentei7.csv in Resources */ = {isa = PBXBuildFile; fileRef = 873695C01CBE5A99002E9F81 /* kentei7.csv */; };
		873695C31CBE5AA5002E9F81 /* kentei8.csv in Resources */ = {isa = PBXBuildFile; fileRef = 873695C21CBE5AA5002E9F81 /* kentei8.csv */; };
		873695C51CBE5AAE002E9F81 /* kentei9.csv in Resources */ = {isa = PBXBuildFile; fileRef = 873695C41CBE5AAE002E9F81 /* kentei9.csv */; };
		873695C71CBE5AB9002E9F81 /* kentei10.csv in Resources */ = {isa = PBXBuildFile; fileRef = 873695C61CBE5AB9002E9F81 /* kentei10.csv */; };
		873695C91CBE5AC3002E9F81 /* kentei11.csv in Resources */ = {isa = PBXBuildFile; fileRef = 873695C81CBE5AC3002E9F81 /* kentei11.csv */; };
		873695CB1CBE5ACD002E9F81 /* kentei12.csv in Resources */ = {isa = PBXBuildFile; fileRef = 873695CA1CBE5ACD002E9F81 /* kentei12.csv */; };
		874945791CA3642500CF97C5 /* start.csv in Resources */ = {isa = PBXBuildFile; fileRef = 874945781CA3642500CF97C5 /* start.csv */; };
		8749457F1CA3698D00CF97C5 /* btn_off.png in Resources */ = {isa = PBXBuildFile; fileRef = 8749457E1CA3698D00CF97C5 /* btn_off.png */; };
		876995521CC8F93500589BFC /* twitter.png in Resources */ = {isa = PBXBuildFile; fileRef = 876995511CC8F93500589BFC /* twitter.png */; };
		876995541CC8F93C00589BFC /* facebook.png in Resources */ = {isa = PBXBuildFile; fileRef = 876995531CC8F93C00589BFC /* facebook.png */; };
		876995561CC9013200589BFC /* Social.framework in Frameworks */ = {isa = PBXBuildFile; fileRef = 876995551CC9013200589BFC /* Social.framework */; };
		878B8E301C9C19BD001259C3 /* AppDelegate.swift in Sources */ = {isa = PBXBuildFile; fileRef = 878B8E2F1C9C19BD001259C3 /* AppDelegate.swift */; };
		878B8E321C9C19BD001259C3 /* ViewController.swift in Sources */ = {isa = PBXBuildFile; fileRef = 878B8E311C9C19BD001259C3 /* ViewController.swift */; };
		878B8E351C9C19BD001259C3 /* Main.storyboard in Resources */ = {isa = PBXBuildFile; fileRef = 878B8E331C9C19BD001259C3 /* Main.storyboard */; };
		878B8E371C9C19BD001259C3 /* Assets.xcassets in Resources */ = {isa = PBXBuildFile; fileRef = 878B8E361C9C19BD001259C3 /* Assets.xcassets */; };
		878B8E3A1C9C19BD001259C3 /* LaunchScreen.storyboard in Resources */ = {isa = PBXBuildFile; fileRef = 878B8E381C9C19BD001259C3 /* LaunchScreen.storyboard */; };
		878B8E451C9C19BD001259C3 /* QuizNursingCareAppTests.swift in Sources */ = {isa = PBXBuildFile; fileRef = 878B8E441C9C19BD001259C3 /* QuizNursingCareAppTests.swift */; };
		878B8E501C9C19BD001259C3 /* QuizNursingCareAppUITests.swift in Sources */ = {isa = PBXBuildFile; fileRef = 878B8E4F1C9C19BD001259C3 /* QuizNursingCareAppUITests.swift */; };
		878B8E641C9C1BD0001259C3 /* KenteiViewController.swift in Sources */ = {isa = PBXBuildFile; fileRef = 878B8E631C9C1BD0001259C3 /* KenteiViewController.swift */; };
		878B8E661C9C1BEC001259C3 /* ScoreViewController.swift in Sources */ = {isa = PBXBuildFile; fileRef = 878B8E651C9C1BEC001259C3 /* ScoreViewController.swift */; };
		878B8E681C9C21BD001259C3 /* ChoiceQuestionViewController.swift in Sources */ = {isa = PBXBuildFile; fileRef = 878B8E671C9C21BD001259C3 /* ChoiceQuestionViewController.swift */; };
		878B8E6C1C9C2BC9001259C3 /* csv in Resources */ = {isa = PBXBuildFile; fileRef = 878B8E691C9C2BC9001259C3 /* csv */; };
		878B8E6D1C9C2BC9001259C3 /* images in Resources */ = {isa = PBXBuildFile; fileRef = 878B8E6A1C9C2BC9001259C3 /* images */; };
		878B8E6E1C9C2BC9001259C3 /* se in Resources */ = {isa = PBXBuildFile; fileRef = 878B8E6B1C9C2BC9001259C3 /* se */; };
/* End PBXBuildFile section */

/* Begin PBXContainerItemProxy section */
		878B8E411C9C19BD001259C3 /* PBXContainerItemProxy */ = {
			isa = PBXContainerItemProxy;
			containerPortal = 878B8E241C9C19BD001259C3 /* Project object */;
			proxyType = 1;
			remoteGlobalIDString = 878B8E2B1C9C19BD001259C3;
			remoteInfo = QuizNursingCareApp;
		};
		878B8E4C1C9C19BD001259C3 /* PBXContainerItemProxy */ = {
			isa = PBXContainerItemProxy;
			containerPortal = 878B8E241C9C19BD001259C3 /* Project object */;
			proxyType = 1;
			remoteGlobalIDString = 878B8E2B1C9C19BD001259C3;
			remoteInfo = QuizNursingCareApp;
		};
/* End PBXContainerItemProxy section */

/* Begin PBXFileReference section */
		871658331CC110020044DF27 /* ZFRippleButton.swift */ = {isa = PBXFileReference; fileEncoding = 4; lastKnownFileType = sourcecode.swift; path = ZFRippleButton.swift; sourceTree = "<group>"; };
		871658351CC382420044DF27 /* topbackground.png */ = {isa = PBXFileReference; lastKnownFileType = image.png; name = topbackground.png; path = ../../../picturesample/topbackground.png; sourceTree = "<group>"; };
		871658391CC38E7F0044DF27 /* topbackground_logo.png */ = {isa = PBXFileReference; lastKnownFileType = image.png; name = topbackground_logo.png; path = ../../../picturesample/topbackground_logo.png; sourceTree = "<group>"; };
		8716583B1CC3A9BE0044DF27 /* choiceBtn1.png */ = {isa = PBXFileReference; lastKnownFileType = image.png; name = choiceBtn1.png; path = ../../../picturesample/choiceBtn1.png; sourceTree = "<group>"; };
		8716583D1CC3B3C50044DF27 /* choiceBtn2.png */ = {isa = PBXFileReference; lastKnownFileType = image.png; name = choiceBtn2.png; path = ../../../picturesample/choiceBtn2.png; sourceTree = "<group>"; };
		8716583E1CC3B3C50044DF27 /* choiceBtn3.png */ = {isa = PBXFileReference; lastKnownFileType = image.png; name = choiceBtn3.png; path = ../../../picturesample/choiceBtn3.png; sourceTree = "<group>"; };
		8716583F1CC3B3C50044DF27 /* choiceBtn4.png */ = {isa = PBXFileReference; lastKnownFileType = image.png; name = choiceBtn4.png; path = ../../../picturesample/choiceBtn4.png; sourceTree = "<group>"; };
		871658401CC3B3C50044DF27 /* choiceBtn5.png */ = {isa = PBXFileReference; lastKnownFileType = image.png; name = choiceBtn5.png; path = ../../../picturesample/choiceBtn5.png; sourceTree = "<group>"; };
		871658411CC3B3C50044DF27 /* choiceBtn6.png */ = {isa = PBXFileReference; lastKnownFileType = image.png; name = choiceBtn6.png; path = ../../../picturesample/choiceBtn6.png; sourceTree = "<group>"; };
		871658421CC3B3C50044DF27 /* choiceBtn7.png */ = {isa = PBXFileReference; lastKnownFileType = image.png; name = choiceBtn7.png; path = ../../../picturesample/choiceBtn7.png; sourceTree = "<group>"; };
		871658431CC3B3C50044DF27 /* choiceBtn8.png */ = {isa = PBXFileReference; lastKnownFileType = image.png; name = choiceBtn8.png; path = ../../../picturesample/choiceBtn8.png; sourceTree = "<group>"; };
		871658441CC3B3C50044DF27 /* choiceBtn9.png */ = {isa = PBXFileReference; lastKnownFileType = image.png; name = choiceBtn9.png; path = ../../../picturesample/choiceBtn9.png; sourceTree = "<group>"; };
		871658451CC3B3C50044DF27 /* choiceBtn10.png */ = {isa = PBXFileReference; lastKnownFileType = image.png; name = choiceBtn10.png; path = ../../../picturesample/choiceBtn10.png; sourceTree = "<group>"; };
		871658461CC3B3C50044DF27 /* choiceBtn11.png */ = {isa = PBXFileReference; lastKnownFileType = image.png; name = choiceBtn11.png; path = ../../../picturesample/choiceBtn11.png; sourceTree = "<group>"; };
		871658471CC3B3C50044DF27 /* choiceBtn12.png */ = {isa = PBXFileReference; lastKnownFileType = image.png; name = choiceBtn12.png; path = ../../../picturesample/choiceBtn12.png; sourceTree = "<group>"; };
		871658551CC45B170044DF27 /* down.png */ = {isa = PBXFileReference; lastKnownFileType = image.png; name = down.png; path = ../../../picturesample/down.png; sourceTree = "<group>"; };
		871658591CC45D390044DF27 /* front2.png */ = {isa = PBXFileReference; lastKnownFileType = image.png; name = front2.png; path = ../../../picturesample/front2.png; sourceTree = "<group>"; };
		8716585F1CC460970044DF27 /* front4.png */ = {isa = PBXFileReference; lastKnownFileType = image.png; name = front4.png; path = ../../../picturesample/front4.png; sourceTree = "<group>"; };
		871658611CC461240044DF27 /* down2.png */ = {isa = PBXFileReference; lastKnownFileType = image.png; name = down2.png; path = ../../../picturesample/down2.png; sourceTree = "<group>"; };
		871658631CC4627B0044DF27 /* quizback.png */ = {isa = PBXFileReference; lastKnownFileType = image.png; name = quizback.png; path = ../../../picturesample/quizback.png; sourceTree = "<group>"; };
		871658651CC4D9C80044DF27 /* backbutton.png */ = {isa = PBXFileReference; lastKnownFileType = image.png; name = backbutton.png; path = ../../../picturesample/backbutton.png; sourceTree = "<group>"; };
		871658671CC4DE8F0044DF27 /* backbutton2.png */ = {isa = PBXFileReference; lastKnownFileType = image.png; name = backbutton2.png; path = ../../../picturesample/backbutton2.png; sourceTree = "<group>"; };
		8716586D1CC5FAAF0044DF27 /* gizagizaunder.png */ = {isa = PBXFileReference; lastKnownFileType = image.png; name = gizagizaunder.png; path = ../../../picturesample/gizagizaunder.png; sourceTree = "<group>"; };
		8716586F1CC5FD240044DF27 /* kaisetsuBG.png */ = {isa = PBXFileReference; lastKnownFileType = image.png; name = kaisetsuBG.png; path = ../../../picturesample/kaisetsuBG.png; sourceTree = "<group>"; };
		871658711CC62C310044DF27 /* maru2.png */ = {isa = PBXFileReference; lastKnownFileType = image.png; name = maru2.png; path = ../../../picturesample/maru2.png; sourceTree = "<group>"; };
		871658731CC62C370044DF27 /* batsu2.png */ = {isa = PBXFileReference; lastKnownFileType = image.png; name = batsu2.png; path = ../../../picturesample/batsu2.png; sourceTree = "<group>"; };
		871658771CC6340B0044DF27 /* scorebackunder.png */ = {isa = PBXFileReference; lastKnownFileType = image.png; name = scorebackunder.png; path = ../../../picturesample/scorebackunder.png; sourceTree = "<group>"; };
		871658791CC634110044DF27 /* scorebackupside.png */ = {isa = PBXFileReference; lastKnownFileType = image.png; name = scorebackupside.png; path = ../../../picturesample/scorebackupside.png; sourceTree = "<group>"; };
		8716587B1CC65A860044DF27 /* Goukaku2.png */ = {isa = PBXFileReference; lastKnownFileType = image.png; name = Goukaku2.png; path = ../../../picturesample/Goukaku2.png; sourceTree = "<group>"; };
		873695981CB89AB1002E9F81 /* Fugoukaku.png */ = {isa = PBXFileReference; lastKnownFileType = image.png; name = Fugoukaku.png; path = images/Fugoukaku.png; sourceTree = "<group>"; };
		8736959A1CB8E158002E9F81 /* btn_on.png */ = {isa = PBXFileReference; lastKnownFileType = image.png; name = btn_on.png; path = images/btn_on.png; sourceTree = "<group>"; };
		873695A81CBA54A8002E9F81 /* kenteiBack.png */ = {isa = PBXFileReference; lastKnownFileType = image.png; name = kenteiBack.png; path = "../../../../Downloads/世界一受けたいiPhoneアプリ開発の授業_7/Chapter7/完成例/VeseKentei/VeseKentei/images/kenteiBack.png"; sourceTree = "<group>"; };
		873695AA1CBA5553002E9F81 /* kenteiBackOn.png */ = {isa = PBXFileReference; lastKnownFileType = image.png; name = kenteiBackOn.png; path = images/kenteiBackOn.png; sourceTree = "<group>"; };
		873695B41CBBD26D002E9F81 /* kentei1.csv */ = {isa = PBXFileReference; fileEncoding = 4; lastKnownFileType = text; path = kentei1.csv; sourceTree = "<group>"; };
		873695B61CBE59EA002E9F81 /* kentei2.csv */ = {isa = PBXFileReference; fileEncoding = 4; lastKnownFileType = text; path = kentei2.csv; sourceTree = "<group>"; };
		873695B81CBE5A19002E9F81 /* kentei3.csv */ = {isa = PBXFileReference; fileEncoding = 4; lastKnownFileType = text; path = kentei3.csv; sourceTree = "<group>"; };
		873695BA1CBE5A35002E9F81 /* kentei4.csv */ = {isa = PBXFileReference; fileEncoding = 4; lastKnownFileType = text; path = kentei4.csv; sourceTree = "<group>"; };
		873695BC1CBE5A43002E9F81 /* kentei5.csv */ = {isa = PBXFileReference; fileEncoding = 4; lastKnownFileType = text; path = kentei5.csv; sourceTree = "<group>"; };
		873695BE1CBE5A89002E9F81 /* kentei6.csv */ = {isa = PBXFileReference; fileEncoding = 4; lastKnownFileType = text; path = kentei6.csv; sourceTree = "<group>"; };
		873695C01CBE5A99002E9F81 /* kentei7.csv */ = {isa = PBXFileReference; fileEncoding = 4; lastKnownFileType = text; path = kentei7.csv; sourceTree = "<group>"; };
		873695C21CBE5AA5002E9F81 /* kentei8.csv */ = {isa = PBXFileReference; fileEncoding = 4; lastKnownFileType = text; path = kentei8.csv; sourceTree = "<group>"; };
		873695C41CBE5AAE002E9F81 /* kentei9.csv */ = {isa = PBXFileReference; fileEncoding = 4; lastKnownFileType = text; path = kentei9.csv; sourceTree = "<group>"; };
		873695C61CBE5AB9002E9F81 /* kentei10.csv */ = {isa = PBXFileReference; fileEncoding = 4; lastKnownFileType = text; path = kentei10.csv; sourceTree = "<group>"; };
		873695C81CBE5AC3002E9F81 /* kentei11.csv */ = {isa = PBXFileReference; fileEncoding = 4; lastKnownFileType = text; path = kentei11.csv; sourceTree = "<group>"; };
		873695CA1CBE5ACD002E9F81 /* kentei12.csv */ = {isa = PBXFileReference; fileEncoding = 4; lastKnownFileType = text; path = kentei12.csv; sourceTree = "<group>"; };
		874945781CA3642500CF97C5 /* start.csv */ = {isa = PBXFileReference; fileEncoding = 4; lastKnownFileType = text; path = start.csv; sourceTree = "<group>"; };
		8749457E1CA3698D00CF97C5 /* btn_off.png */ = {isa = PBXFileReference; lastKnownFileType = image.png; name = btn_off.png; path = images/btn_off.png; sourceTree = "<group>"; };
		876995511CC8F93500589BFC /* twitter.png */ = {isa = PBXFileReference; lastKnownFileType = image.png; name = twitter.png; path = ../../../picturesample/twitter.png; sourceTree = "<group>"; };
		876995531CC8F93C00589BFC /* facebook.png */ = {isa = PBXFileReference; lastKnownFileType = image.png; name = facebook.png; path = ../../../picturesample/facebook.png; sourceTree = "<group>"; };
		876995551CC9013200589BFC /* Social.framework */ = {isa = PBXFileReference; lastKnownFileType = wrapper.framework; name = Social.framework; path = System/Library/Frameworks/Social.framework; sourceTree = SDKROOT; };
		878B8E2C1C9C19BD001259C3 /* QuizNursingCareApp.app */ = {isa = PBXFileReference; explicitFileType = wrapper.application; includeInIndex = 0; path = QuizNursingCareApp.app; sourceTree = BUILT_PRODUCTS_DIR; };
		878B8E2F1C9C19BD001259C3 /* AppDelegate.swift */ = {isa = PBXFileReference; lastKnownFileType = sourcecode.swift; path = AppDelegate.swift; sourceTree = "<group>"; };
		878B8E311C9C19BD001259C3 /* ViewController.swift */ = {isa = PBXFileReference; lastKnownFileType = sourcecode.swift; path = ViewController.swift; sourceTree = "<group>"; };
		878B8E341C9C19BD001259C3 /* Base */ = {isa = PBXFileReference; lastKnownFileType = file.storyboard; name = Base; path = Base.lproj/Main.storyboard; sourceTree = "<group>"; };
		878B8E361C9C19BD001259C3 /* Assets.xcassets */ = {isa = PBXFileReference; lastKnownFileType = folder.assetcatalog; path = Assets.xcassets; sourceTree = "<group>"; };
		878B8E391C9C19BD001259C3 /* Base */ = {isa = PBXFileReference; lastKnownFileType = file.storyboard; name = Base; path = Base.lproj/LaunchScreen.storyboard; sourceTree = "<group>"; };
		878B8E3B1C9C19BD001259C3 /* Info.plist */ = {isa = PBXFileReference; lastKnownFileType = text.plist.xml; path = Info.plist; sourceTree = "<group>"; };
		878B8E401C9C19BD001259C3 /* QuizNursingCareAppTests.xctest */ = {isa = PBXFileReference; explicitFileType = wrapper.cfbundle; includeInIndex = 0; path = QuizNursingCareAppTests.xctest; sourceTree = BUILT_PRODUCTS_DIR; };
		878B8E441C9C19BD001259C3 /* QuizNursingCareAppTests.swift */ = {isa = PBXFileReference; lastKnownFileType = sourcecode.swift; path = QuizNursingCareAppTests.swift; sourceTree = "<group>"; };
		878B8E461C9C19BD001259C3 /* Info.plist */ = {isa = PBXFileReference; lastKnownFileType = text.plist.xml; path = Info.plist; sourceTree = "<group>"; };
		878B8E4B1C9C19BD001259C3 /* QuizNursingCareAppUITests.xctest */ = {isa = PBXFileReference; explicitFileType = wrapper.cfbundle; includeInIndex = 0; path = QuizNursingCareAppUITests.xctest; sourceTree = BUILT_PRODUCTS_DIR; };
		878B8E4F1C9C19BD001259C3 /* QuizNursingCareAppUITests.swift */ = {isa = PBXFileReference; lastKnownFileType = sourcecode.swift; path = QuizNursingCareAppUITests.swift; sourceTree = "<group>"; };
		878B8E511C9C19BD001259C3 /* Info.plist */ = {isa = PBXFileReference; lastKnownFileType = text.plist.xml; path = Info.plist; sourceTree = "<group>"; };
		878B8E631C9C1BD0001259C3 /* KenteiViewController.swift */ = {isa = PBXFileReference; fileEncoding = 4; lastKnownFileType = sourcecode.swift; path = KenteiViewController.swift; sourceTree = "<group>"; };
		878B8E651C9C1BEC001259C3 /* ScoreViewController.swift */ = {isa = PBXFileReference; fileEncoding = 4; lastKnownFileType = sourcecode.swift; path = ScoreViewController.swift; sourceTree = "<group>"; };
		878B8E671C9C21BD001259C3 /* ChoiceQuestionViewController.swift */ = {isa = PBXFileReference; fileEncoding = 4; lastKnownFileType = sourcecode.swift; path = ChoiceQuestionViewController.swift; sourceTree = "<group>"; };
		878B8E691C9C2BC9001259C3 /* csv */ = {isa = PBXFileReference; lastKnownFileType = folder; path = csv; sourceTree = "<group>"; };
		878B8E6A1C9C2BC9001259C3 /* images */ = {isa = PBXFileReference; lastKnownFileType = folder; path = images; sourceTree = "<group>"; };
		878B8E6B1C9C2BC9001259C3 /* se */ = {isa = PBXFileReference; lastKnownFileType = folder; path = se; sourceTree = "<group>"; };
/* End PBXFileReference section */

/* Begin PBXFrameworksBuildPhase section */
		878B8E291C9C19BD001259C3 /* Frameworks */ = {
			isa = PBXFrameworksBuildPhase;
			buildActionMask = 2147483647;
			files = (
				876995561CC9013200589BFC /* Social.framework in Frameworks */,
			);
			runOnlyForDeploymentPostprocessing = 0;
		};
		878B8E3D1C9C19BD001259C3 /* Frameworks */ = {
			isa = PBXFrameworksBuildPhase;
			buildActionMask = 2147483647;
			files = (
			);
			runOnlyForDeploymentPostprocessing = 0;
		};
		878B8E481C9C19BD001259C3 /* Frameworks */ = {
			isa = PBXFrameworksBuildPhase;
			buildActionMask = 2147483647;
			files = (
			);
			runOnlyForDeploymentPostprocessing = 0;
		};
/* End PBXFrameworksBuildPhase section */

/* Begin PBXGroup section */
		873695B21CBA8298002E9F81 /* Image */ = {
			isa = PBXGroup;
			children = (
				871658651CC4D9C80044DF27 /* backbutton.png */,
				871658671CC4DE8F0044DF27 /* backbutton2.png */,
				8716583B1CC3A9BE0044DF27 /* choiceBtn1.png */,
				8716583D1CC3B3C50044DF27 /* choiceBtn2.png */,
				8716583E1CC3B3C50044DF27 /* choiceBtn3.png */,
				8716583F1CC3B3C50044DF27 /* choiceBtn4.png */,
				871658401CC3B3C50044DF27 /* choiceBtn5.png */,
				871658411CC3B3C50044DF27 /* choiceBtn6.png */,
				871658421CC3B3C50044DF27 /* choiceBtn7.png */,
				871658431CC3B3C50044DF27 /* choiceBtn8.png */,
				871658441CC3B3C50044DF27 /* choiceBtn9.png */,
				871658451CC3B3C50044DF27 /* choiceBtn10.png */,
				871658461CC3B3C50044DF27 /* choiceBtn11.png */,
				871658611CC461240044DF27 /* down2.png */,
				871658471CC3B3C50044DF27 /* choiceBtn12.png */,
				871658771CC6340B0044DF27 /* scorebackunder.png */,
				871658791CC634110044DF27 /* scorebackupside.png */,
				871658591CC45D390044DF27 /* front2.png */,
				8716585F1CC460970044DF27 /* front4.png */,
				871658351CC382420044DF27 /* topbackground.png */,
				873695981CB89AB1002E9F81 /* Fugoukaku.png */,
				8716586F1CC5FD240044DF27 /* kaisetsuBG.png */,
				876995511CC8F93500589BFC /* twitter.png */,
				876995531CC8F93C00589BFC /* facebook.png */,
				873695A81CBA54A8002E9F81 /* kenteiBack.png */,
				871658391CC38E7F0044DF27 /* topbackground_logo.png */,
				871658731CC62C370044DF27 /* batsu2.png */,
				8716586D1CC5FAAF0044DF27 /* gizagizaunder.png */,
				871658711CC62C310044DF27 /* maru2.png */,
				871658551CC45B170044DF27 /* down.png */,
				8716587B1CC65A860044DF27 /* Goukaku2.png */,
				873695AA1CBA5553002E9F81 /* kenteiBackOn.png */,
				871658631CC4627B0044DF27 /* quizback.png */,
				8736959A1CB8E158002E9F81 /* btn_on.png */,
				8749457E1CA3698D00CF97C5 /* btn_off.png */,
			);
			name = Image;
			sourceTree = "<group>";
		};
		873695B31CBA82DC002E9F81 /* CSV */ = {
			isa = PBXGroup;
			children = (
				874945781CA3642500CF97C5 /* start.csv */,
				873695B41CBBD26D002E9F81 /* kentei1.csv */,
				873695B61CBE59EA002E9F81 /* kentei2.csv */,
				873695B81CBE5A19002E9F81 /* kentei3.csv */,
				873695BA1CBE5A35002E9F81 /* kentei4.csv */,
				873695BC1CBE5A43002E9F81 /* kentei5.csv */,
				873695BE1CBE5A89002E9F81 /* kentei6.csv */,
				873695C01CBE5A99002E9F81 /* kentei7.csv */,
				873695C21CBE5AA5002E9F81 /* kentei8.csv */,
				873695C41CBE5AAE002E9F81 /* kentei9.csv */,
				873695C61CBE5AB9002E9F81 /* kentei10.csv */,
				873695C81CBE5AC3002E9F81 /* kentei11.csv */,
				873695CA1CBE5ACD002E9F81 /* kentei12.csv */,
			);
			name = CSV;
			sourceTree = "<group>";
		};
		878B8E231C9C19BD001259C3 = {
			isa = PBXGroup;
			children = (
				876995551CC9013200589BFC /* Social.framework */,
				878B8E2E1C9C19BD001259C3 /* QuizNursingCareApp */,
				878B8E431C9C19BD001259C3 /* QuizNursingCareAppTests */,
				878B8E4E1C9C19BD001259C3 /* QuizNursingCareAppUITests */,
				878B8E2D1C9C19BD001259C3 /* Products */,
			);
			sourceTree = "<group>";
		};
		878B8E2D1C9C19BD001259C3 /* Products */ = {
			isa = PBXGroup;
			children = (
				878B8E2C1C9C19BD001259C3 /* QuizNursingCareApp.app */,
				878B8E401C9C19BD001259C3 /* QuizNursingCareAppTests.xctest */,
				878B8E4B1C9C19BD001259C3 /* QuizNursingCareAppUITests.xctest */,
			);
			name = Products;
			sourceTree = "<group>";
		};
		878B8E2E1C9C19BD001259C3 /* QuizNursingCareApp */ = {
			isa = PBXGroup;
			children = (
				873695B31CBA82DC002E9F81 /* CSV */,
				873695B21CBA8298002E9F81 /* Image */,
				878B8E2F1C9C19BD001259C3 /* AppDelegate.swift */,
				878B8E311C9C19BD001259C3 /* ViewController.swift */,
				878B8E631C9C1BD0001259C3 /* KenteiViewController.swift */,
				878B8E671C9C21BD001259C3 /* ChoiceQuestionViewController.swift */,
				871658331CC110020044DF27 /* ZFRippleButton.swift */,
				878B8E651C9C1BEC001259C3 /* ScoreViewController.swift */,
				878B8E331C9C19BD001259C3 /* Main.storyboard */,
				878B8E361C9C19BD001259C3 /* Assets.xcassets */,
				878B8E381C9C19BD001259C3 /* LaunchScreen.storyboard */,
				878B8E691C9C2BC9001259C3 /* csv */,
				878B8E6A1C9C2BC9001259C3 /* images */,
				878B8E6B1C9C2BC9001259C3 /* se */,
				878B8E3B1C9C19BD001259C3 /* Info.plist */,
			);
			path = QuizNursingCareApp;
			sourceTree = "<group>";
		};
		878B8E431C9C19BD001259C3 /* QuizNursingCareAppTests */ = {
			isa = PBXGroup;
			children = (
				878B8E441C9C19BD001259C3 /* QuizNursingCareAppTests.swift */,
				878B8E461C9C19BD001259C3 /* Info.plist */,
			);
			path = QuizNursingCareAppTests;
			sourceTree = "<group>";
		};
		878B8E4E1C9C19BD001259C3 /* QuizNursingCareAppUITests */ = {
			isa = PBXGroup;
			children = (
				878B8E4F1C9C19BD001259C3 /* QuizNursingCareAppUITests.swift */,
				878B8E511C9C19BD001259C3 /* Info.plist */,
			);
			path = QuizNursingCareAppUITests;
			sourceTree = "<group>";
		};
/* End PBXGroup section */

/* Begin PBXNativeTarget section */
		878B8E2B1C9C19BD001259C3 /* QuizNursingCareApp */ = {
			isa = PBXNativeTarget;
			buildConfigurationList = 878B8E541C9C19BD001259C3 /* Build configuration list for PBXNativeTarget "QuizNursingCareApp" */;
			buildPhases = (
				878B8E281C9C19BD001259C3 /* Sources */,
				878B8E291C9C19BD001259C3 /* Frameworks */,
				878B8E2A1C9C19BD001259C3 /* Resources */,
			);
			buildRules = (
			);
			dependencies = (
			);
			name = QuizNursingCareApp;
			productName = QuizNursingCareApp;
			productReference = 878B8E2C1C9C19BD001259C3 /* QuizNursingCareApp.app */;
			productType = "com.apple.product-type.application";
		};
		878B8E3F1C9C19BD001259C3 /* QuizNursingCareAppTests */ = {
			isa = PBXNativeTarget;
			buildConfigurationList = 878B8E571C9C19BD001259C3 /* Build configuration list for PBXNativeTarget "QuizNursingCareAppTests" */;
			buildPhases = (
				878B8E3C1C9C19BD001259C3 /* Sources */,
				878B8E3D1C9C19BD001259C3 /* Frameworks */,
				878B8E3E1C9C19BD001259C3 /* Resources */,
			);
			buildRules = (
			);
			dependencies = (
				878B8E421C9C19BD001259C3 /* PBXTargetDependency */,
			);
			name = QuizNursingCareAppTests;
			productName = QuizNursingCareAppTests;
			productReference = 878B8E401C9C19BD001259C3 /* QuizNursingCareAppTests.xctest */;
			productType = "com.apple.product-type.bundle.unit-test";
		};
		878B8E4A1C9C19BD001259C3 /* QuizNursingCareAppUITests */ = {
			isa = PBXNativeTarget;
			buildConfigurationList = 878B8E5A1C9C19BD001259C3 /* Build configuration list for PBXNativeTarget "QuizNursingCareAppUITests" */;
			buildPhases = (
				878B8E471C9C19BD001259C3 /* Sources */,
				878B8E481C9C19BD001259C3 /* Frameworks */,
				878B8E491C9C19BD001259C3 /* Resources */,
			);
			buildRules = (
			);
			dependencies = (
				878B8E4D1C9C19BD001259C3 /* PBXTargetDependency */,
			);
			name = QuizNursingCareAppUITests;
			productName = QuizNursingCareAppUITests;
			productReference = 878B8E4B1C9C19BD001259C3 /* QuizNursingCareAppUITests.xctest */;
			productType = "com.apple.product-type.bundle.ui-testing";
		};
/* End PBXNativeTarget section */

/* Begin PBXProject section */
		878B8E241C9C19BD001259C3 /* Project object */ = {
			isa = PBXProject;
			attributes = {
				LastSwiftUpdateCheck = 0720;
				LastUpgradeCheck = 0720;
				ORGANIZATIONNAME = "後藤健佑";
				TargetAttributes = {
					878B8E2B1C9C19BD001259C3 = {
						CreatedOnToolsVersion = 7.2.1;
						DevelopmentTeam = Z28FTL2M3V;
					};
					878B8E3F1C9C19BD001259C3 = {
						CreatedOnToolsVersion = 7.2.1;
						DevelopmentTeam = Z28FTL2M3V;
						TestTargetID = 878B8E2B1C9C19BD001259C3;
					};
					878B8E4A1C9C19BD001259C3 = {
						CreatedOnToolsVersion = 7.2.1;
						DevelopmentTeam = Z28FTL2M3V;
						TestTargetID = 878B8E2B1C9C19BD001259C3;
					};
				};
			};
			buildConfigurationList = 878B8E271C9C19BD001259C3 /* Build configuration list for PBXProject "QuizNursingCareApp" */;
			compatibilityVersion = "Xcode 3.2";
			developmentRegion = English;
			hasScannedForEncodings = 0;
			knownRegions = (
				en,
				Base,
			);
			mainGroup = 878B8E231C9C19BD001259C3;
			productRefGroup = 878B8E2D1C9C19BD001259C3 /* Products */;
			projectDirPath = "";
			projectRoot = "";
			targets = (
				878B8E2B1C9C19BD001259C3 /* QuizNursingCareApp */,
				878B8E3F1C9C19BD001259C3 /* QuizNursingCareAppTests */,
				878B8E4A1C9C19BD001259C3 /* QuizNursingCareAppUITests */,
			);
		};
/* End PBXProject section */

/* Begin PBXResourcesBuildPhase section */
		878B8E2A1C9C19BD001259C3 /* Resources */ = {
			isa = PBXResourcesBuildPhase;
			buildActionMask = 2147483647;
			files = (
				873695BD1CBE5A43002E9F81 /* kentei5.csv in Resources */,
				8716584F1CC3B3C50044DF27 /* choiceBtn9.png in Resources */,
				871658621CC461240044DF27 /* down2.png in Resources */,
				873695B51CBBD26D002E9F81 /* kentei1.csv in Resources */,
				873695B71CBE59EA002E9F81 /* kentei2.csv in Resources */,
				873695BB1CBE5A35002E9F81 /* kentei4.csv in Resources */,
				871658601CC460970044DF27 /* front4.png in Resources */,
				871658501CC3B3C50044DF27 /* choiceBtn10.png in Resources */,
				8716584B1CC3B3C50044DF27 /* choiceBtn5.png in Resources */,
				8749457F1CA3698D00CF97C5 /* btn_off.png in Resources */,
				8716584A1CC3B3C50044DF27 /* choiceBtn4.png in Resources */,
				876995521CC8F93500589BFC /* twitter.png in Resources */,
				8736959B1CB8E158002E9F81 /* btn_on.png in Resources */,
				873695C91CBE5AC3002E9F81 /* kentei11.csv in Resources */,
				873695C51CBE5AAE002E9F81 /* kentei9.csv in Resources */,
				873695C31CBE5AA5002E9F81 /* kentei8.csv in Resources */,
				871658661CC4D9C80044DF27 /* backbutton.png in Resources */,
				871658521CC3B3C50044DF27 /* choiceBtn12.png in Resources */,
				8716584E1CC3B3C50044DF27 /* choiceBtn8.png in Resources */,
				8716584C1CC3B3C50044DF27 /* choiceBtn6.png in Resources */,
				871658641CC4627B0044DF27 /* quizback.png in Resources */,
				873695A91CBA54A8002E9F81 /* kenteiBack.png in Resources */,
				873695B91CBE5A19002E9F81 /* kentei3.csv in Resources */,
				8716583C1CC3A9BE0044DF27 /* choiceBtn1.png in Resources */,
				878B8E6E1C9C2BC9001259C3 /* se in Resources */,
				871658701CC5FD240044DF27 /* kaisetsuBG.png in Resources */,
				871658361CC382420044DF27 /* topbackground.png in Resources */,
				878B8E6D1C9C2BC9001259C3 /* images in Resources */,
				8716584D1CC3B3C50044DF27 /* choiceBtn7.png in Resources */,
				873695CB1CBE5ACD002E9F81 /* kentei12.csv in Resources */,
				878B8E3A1C9C19BD001259C3 /* LaunchScreen.storyboard in Resources */,
				876995541CC8F93C00589BFC /* facebook.png in Resources */,
				8716585A1CC45D390044DF27 /* front2.png in Resources */,
				874945791CA3642500CF97C5 /* start.csv in Resources */,
				8716587A1CC634110044DF27 /* scorebackupside.png in Resources */,
				878B8E371C9C19BD001259C3 /* Assets.xcassets in Resources */,
				871658741CC62C370044DF27 /* batsu2.png in Resources */,
				8716586E1CC5FAAF0044DF27 /* gizagizaunder.png in Resources */,
				8716587C1CC65A860044DF27 /* Goukaku2.png in Resources */,
				871658721CC62C310044DF27 /* maru2.png in Resources */,
				878B8E351C9C19BD001259C3 /* Main.storyboard in Resources */,
				871658561CC45B170044DF27 /* down.png in Resources */,
				871658781CC6340B0044DF27 /* scorebackunder.png in Resources */,
				871658481CC3B3C50044DF27 /* choiceBtn2.png in Resources */,
				878B8E6C1C9C2BC9001259C3 /* csv in Resources */,
				873695C71CBE5AB9002E9F81 /* kentei10.csv in Resources */,
				871658681CC4DE8F0044DF27 /* backbutton2.png in Resources */,
				871658511CC3B3C50044DF27 /* choiceBtn11.png in Resources */,
				873695BF1CBE5A89002E9F81 /* kentei6.csv in Resources */,
				873695C11CBE5A99002E9F81 /* kentei7.csv in Resources */,
				873695AB1CBA5553002E9F81 /* kenteiBackOn.png in Resources */,
				871658491CC3B3C50044DF27 /* choiceBtn3.png in Resources */,
				873695991CB89AB1002E9F81 /* Fugoukaku.png in Resources */,
				8716583A1CC38E7F0044DF27 /* topbackground_logo.png in Resources */,
			);
			runOnlyForDeploymentPostprocessing = 0;
		};
		878B8E3E1C9C19BD001259C3 /* Resources */ = {
			isa = PBXResourcesBuildPhase;
			buildActionMask = 2147483647;
			files = (
			);
			runOnlyForDeploymentPostprocessing = 0;
		};
		878B8E491C9C19BD001259C3 /* Resources */ = {
			isa = PBXResourcesBuildPhase;
			buildActionMask = 2147483647;
			files = (
			);
			runOnlyForDeploymentPostprocessing = 0;
		};
/* End PBXResourcesBuildPhase section */

/* Begin PBXSourcesBuildPhase section */
		878B8E281C9C19BD001259C3 /* Sources */ = {
			isa = PBXSourcesBuildPhase;
			buildActionMask = 2147483647;
			files = (
				878B8E641C9C1BD0001259C3 /* KenteiViewController.swift in Sources */,
				878B8E321C9C19BD001259C3 /* ViewController.swift in Sources */,
				878B8E681C9C21BD001259C3 /* ChoiceQuestionViewController.swift in Sources */,
				871658341CC110020044DF27 /* ZFRippleButton.swift in Sources */,
				878B8E301C9C19BD001259C3 /* AppDelegate.swift in Sources */,
				878B8E661C9C1BEC001259C3 /* ScoreViewController.swift in Sources */,
			);
			runOnlyForDeploymentPostprocessing = 0;
		};
		878B8E3C1C9C19BD001259C3 /* Sources */ = {
			isa = PBXSourcesBuildPhase;
			buildActionMask = 2147483647;
			files = (
				878B8E451C9C19BD001259C3 /* QuizNursingCareAppTests.swift in Sources */,
			);
			runOnlyForDeploymentPostprocessing = 0;
		};
		878B8E471C9C19BD001259C3 /* Sources */ = {
			isa = PBXSourcesBuildPhase;
			buildActionMask = 2147483647;
			files = (
				878B8E501C9C19BD001259C3 /* QuizNursingCareAppUITests.swift in Sources */,
			);
			runOnlyForDeploymentPostprocessing = 0;
		};
/* End PBXSourcesBuildPhase section */

/* Begin PBXTargetDependency section */
		878B8E421C9C19BD001259C3 /* PBXTargetDependency */ = {
			isa = PBXTargetDependency;
			target = 878B8E2B1C9C19BD001259C3 /* QuizNursingCareApp */;
			targetProxy = 878B8E411C9C19BD001259C3 /* PBXContainerItemProxy */;
		};
		878B8E4D1C9C19BD001259C3 /* PBXTargetDependency */ = {
			isa = PBXTargetDependency;
			target = 878B8E2B1C9C19BD001259C3 /* QuizNursingCareApp */;
			targetProxy = 878B8E4C1C9C19BD001259C3 /* PBXContainerItemProxy */;
		};
/* End PBXTargetDependency section */

/* Begin PBXVariantGroup section */
		878B8E331C9C19BD001259C3 /* Main.storyboard */ = {
			isa = PBXVariantGroup;
			children = (
				878B8E341C9C19BD001259C3 /* Base */,
			);
			name = Main.storyboard;
			sourceTree = "<group>";
		};
		878B8E381C9C19BD001259C3 /* LaunchScreen.storyboard */ = {
			isa = PBXVariantGroup;
			children = (
				878B8E391C9C19BD001259C3 /* Base */,
			);
			name = LaunchScreen.storyboard;
			sourceTree = "<group>";
		};
/* End PBXVariantGroup section */

/* Begin XCBuildConfiguration section */
		878B8E521C9C19BD001259C3 /* Debug */ = {
			isa = XCBuildConfiguration;
			buildSettings = {
				ALWAYS_SEARCH_USER_PATHS = NO;
				CLANG_CXX_LANGUAGE_STANDARD = "gnu++0x";
				CLANG_CXX_LIBRARY = "libc++";
				CLANG_ENABLE_MODULES = YES;
				CLANG_ENABLE_OBJC_ARC = YES;
				CLANG_WARN_BOOL_CONVERSION = YES;
				CLANG_WARN_CONSTANT_CONVERSION = YES;
				CLANG_WARN_DIRECT_OBJC_ISA_USAGE = YES_ERROR;
				CLANG_WARN_EMPTY_BODY = YES;
				CLANG_WARN_ENUM_CONVERSION = YES;
				CLANG_WARN_INT_CONVERSION = YES;
				CLANG_WARN_OBJC_ROOT_CLASS = YES_ERROR;
				CLANG_WARN_UNREACHABLE_CODE = YES;
				CLANG_WARN__DUPLICATE_METHOD_MATCH = YES;
				"CODE_SIGN_IDENTITY[sdk=iphoneos*]" = "iPhone Developer";
				COPY_PHASE_STRIP = NO;
				DEBUG_INFORMATION_FORMAT = dwarf;
				ENABLE_STRICT_OBJC_MSGSEND = YES;
				ENABLE_TESTABILITY = YES;
				GCC_C_LANGUAGE_STANDARD = gnu99;
				GCC_DYNAMIC_NO_PIC = NO;
				GCC_NO_COMMON_BLOCKS = YES;
				GCC_OPTIMIZATION_LEVEL = 0;
				GCC_PREPROCESSOR_DEFINITIONS = (
					"DEBUG=1",
					"$(inherited)",
				);
				GCC_WARN_64_TO_32_BIT_CONVERSION = YES;
				GCC_WARN_ABOUT_RETURN_TYPE = YES_ERROR;
				GCC_WARN_UNDECLARED_SELECTOR = YES;
				GCC_WARN_UNINITIALIZED_AUTOS = YES_AGGRESSIVE;
				GCC_WARN_UNUSED_FUNCTION = YES;
				GCC_WARN_UNUSED_VARIABLE = YES;
				IPHONEOS_DEPLOYMENT_TARGET = 9.2;
				MTL_ENABLE_DEBUG_INFO = YES;
				ONLY_ACTIVE_ARCH = YES;
				SDKROOT = iphoneos;
				SWIFT_OPTIMIZATION_LEVEL = "-Onone";
			};
			name = Debug;
		};
		878B8E531C9C19BD001259C3 /* Release */ = {
			isa = XCBuildConfiguration;
			buildSettings = {
				ALWAYS_SEARCH_USER_PATHS = NO;
				CLANG_CXX_LANGUAGE_STANDARD = "gnu++0x";
				CLANG_CXX_LIBRARY = "libc++";
				CLANG_ENABLE_MODULES = YES;
				CLANG_ENABLE_OBJC_ARC = YES;
				CLANG_WARN_BOOL_CONVERSION = YES;
				CLANG_WARN_CONSTANT_CONVERSION = YES;
				CLANG_WARN_DIRECT_OBJC_ISA_USAGE = YES_ERROR;
				CLANG_WARN_EMPTY_BODY = YES;
				CLANG_WARN_ENUM_CONVERSION = YES;
				CLANG_WARN_INT_CONVERSION = YES;
				CLANG_WARN_OBJC_ROOT_CLASS = YES_ERROR;
				CLANG_WARN_UNREACHABLE_CODE = YES;
				CLANG_WARN__DUPLICATE_METHOD_MATCH = YES;
				"CODE_SIGN_IDENTITY[sdk=iphoneos*]" = "iPhone Developer";
				COPY_PHASE_STRIP = NO;
				DEBUG_INFORMATION_FORMAT = "dwarf-with-dsym";
				ENABLE_NS_ASSERTIONS = NO;
				ENABLE_STRICT_OBJC_MSGSEND = YES;
				GCC_C_LANGUAGE_STANDARD = gnu99;
				GCC_NO_COMMON_BLOCKS = YES;
				GCC_WARN_64_TO_32_BIT_CONVERSION = YES;
				GCC_WARN_ABOUT_RETURN_TYPE = YES_ERROR;
				GCC_WARN_UNDECLARED_SELECTOR = YES;
				GCC_WARN_UNINITIALIZED_AUTOS = YES_AGGRESSIVE;
				GCC_WARN_UNUSED_FUNCTION = YES;
				GCC_WARN_UNUSED_VARIABLE = YES;
				IPHONEOS_DEPLOYMENT_TARGET = 9.2;
				MTL_ENABLE_DEBUG_INFO = NO;
				SDKROOT = iphoneos;
				VALIDATE_PRODUCT = YES;
			};
			name = Release;
		};
		878B8E551C9C19BD001259C3 /* Debug */ = {
			isa = XCBuildConfiguration;
			buildSettings = {
				ASSETCATALOG_COMPILER_APPICON_NAME = AppIcon;
				INFOPLIST_FILE = QuizNursingCareApp/Info.plist;
				LD_RUNPATH_SEARCH_PATHS = "$(inherited) @executable_path/Frameworks";
				PRODUCT_BUNDLE_IDENTIFIER = com.QuizNursingCare.QuizNursingCareApp;
				PRODUCT_NAME = "$(TARGET_NAME)";
			};
			name = Debug;
		};
		878B8E561C9C19BD001259C3 /* Release */ = {
			isa = XCBuildConfiguration;
			buildSettings = {
				ASSETCATALOG_COMPILER_APPICON_NAME = AppIcon;
				INFOPLIST_FILE = QuizNursingCareApp/Info.plist;
				LD_RUNPATH_SEARCH_PATHS = "$(inherited) @executable_path/Frameworks";
				PRODUCT_BUNDLE_IDENTIFIER = com.QuizNursingCare.QuizNursingCareApp;
				PRODUCT_NAME = "$(TARGET_NAME)";
			};
			name = Release;
		};
		878B8E581C9C19BD001259C3 /* Debug */ = {
			isa = XCBuildConfiguration;
			buildSettings = {
				BUNDLE_LOADER = "$(TEST_HOST)";
				INFOPLIST_FILE = QuizNursingCareAppTests/Info.plist;
				LD_RUNPATH_SEARCH_PATHS = "$(inherited) @executable_path/Frameworks @loader_path/Frameworks";
				PRODUCT_BUNDLE_IDENTIFIER = com.QuizNursingCare.QuizNursingCareAppTests;
				PRODUCT_NAME = "$(TARGET_NAME)";
				TEST_HOST = "$(BUILT_PRODUCTS_DIR)/QuizNursingCareApp.app/QuizNursingCareApp";
			};
			name = Debug;
		};
		878B8E591C9C19BD001259C3 /* Release */ = {
			isa = XCBuildConfiguration;
			buildSettings = {
				BUNDLE_LOADER = "$(TEST_HOST)";
				INFOPLIST_FILE = QuizNursingCareAppTests/Info.plist;
				LD_RUNPATH_SEARCH_PATHS = "$(inherited) @executable_path/Frameworks @loader_path/Frameworks";
				PRODUCT_BUNDLE_IDENTIFIER = com.QuizNursingCare.QuizNursingCareAppTests;
				PRODUCT_NAME = "$(TARGET_NAME)";
				TEST_HOST = "$(BUILT_PRODUCTS_DIR)/QuizNursingCareApp.app/QuizNursingCareApp";
			};
			name = Release;
		};
		878B8E5B1C9C19BD001259C3 /* Debug */ = {
			isa = XCBuildConfiguration;
			buildSettings = {
				INFOPLIST_FILE = QuizNursingCareAppUITests/Info.plist;
				LD_RUNPATH_SEARCH_PATHS = "$(inherited) @executable_path/Frameworks @loader_path/Frameworks";
				PRODUCT_BUNDLE_IDENTIFIER = com.QuizNursingCare.QuizNursingCareAppUITests;
				PRODUCT_NAME = "$(TARGET_NAME)";
				TEST_TARGET_NAME = QuizNursingCareApp;
				USES_XCTRUNNER = YES;
			};
			name = Debug;
		};
		878B8E5C1C9C19BD001259C3 /* Release */ = {
			isa = XCBuildConfiguration;
			buildSettings = {
				INFOPLIST_FILE = QuizNursingCareAppUITests/Info.plist;
				LD_RUNPATH_SEARCH_PATHS = "$(inherited) @executable_path/Frameworks @loader_path/Frameworks";
				PRODUCT_BUNDLE_IDENTIFIER = com.QuizNursingCare.QuizNursingCareAppUITests;
				PRODUCT_NAME = "$(TARGET_NAME)";
				TEST_TARGET_NAME = QuizNursingCareApp;
				USES_XCTRUNNER = YES;
			};
			name = Release;
		};
/* End XCBuildConfiguration section */

/* Begin XCConfigurationList section */
		878B8E271C9C19BD001259C3 /* Build configuration list for PBXProject "QuizNursingCareApp" */ = {
			isa = XCConfigurationList;
			buildConfigurations = (
				878B8E521C9C19BD001259C3 /* Debug */,
				878B8E531C9C19BD001259C3 /* Release */,
			);
			defaultConfigurationIsVisible = 0;
			defaultConfigurationName = Release;
		};
		878B8E541C9C19BD001259C3 /* Build configuration list for PBXNativeTarget "QuizNursingCareApp" */ = {
			isa = XCConfigurationList;
			buildConfigurations = (
				878B8E551C9C19BD001259C3 /* Debug */,
				878B8E561C9C19BD001259C3 /* Release */,
			);
			defaultConfigurationIsVisible = 0;
			defaultConfigurationName = Release;
		};
		878B8E571C9C19BD001259C3 /* Build configuration list for PBXNativeTarget "QuizNursingCareAppTests" */ = {
			isa = XCConfigurationList;
			buildConfigurations = (
				878B8E581C9C19BD001259C3 /* Debug */,
				878B8E591C9C19BD001259C3 /* Release */,
			);
			defaultConfigurationIsVisible = 0;
			defaultConfigurationName = Release;
		};
		878B8E5A1C9C19BD001259C3 /* Build configuration list for PBXNativeTarget "QuizNursingCareAppUITests" */ = {
			isa = XCConfigurationList;
			buildConfigurations = (
				878B8E5B1C9C19BD001259C3 /* Debug */,
				878B8E5C1C9C19BD001259C3 /* Release */,
			);
			defaultConfigurationIsVisible = 0;
			defaultConfigurationName = Release;
		};
/* End XCConfigurationList section */
	};
	rootObject = 878B8E241C9C19BD001259C3 /* Project object */;
}
