// !$*UTF8*$!
{
	archiveVersion = 1;
	classes = {
	};
	objectVersion = 46;
	objects = {

/* Begin PBXBuildFile section */
		873695971CB89A69002E9F81 /* Goukaku.png in Resources */ = {isa = PBXBuildFile; fileRef = 873695961CB89A69002E9F81 /* Goukaku.png */; };
		873695991CB89AB1002E9F81 /* Fugoukaku.png in Resources */ = {isa = PBXBuildFile; fileRef = 873695981CB89AB1002E9F81 /* Fugoukaku.png */; };
		8736959B1CB8E158002E9F81 /* btn_on.png in Resources */ = {isa = PBXBuildFile; fileRef = 8736959A1CB8E158002E9F81 /* btn_on.png */; };
		8736959D1CB8E178002E9F81 /* mondai_back_ground.png in Resources */ = {isa = PBXBuildFile; fileRef = 8736959C1CB8E178002E9F81 /* mondai_back_ground.png */; };
		873695A31CBA4F30002E9F81 /* maru.png in Resources */ = {isa = PBXBuildFile; fileRef = 873695A21CBA4F30002E9F81 /* maru.png */; };
		873695A51CBA4F3C002E9F81 /* batsu.png in Resources */ = {isa = PBXBuildFile; fileRef = 873695A41CBA4F3C002E9F81 /* batsu.png */; };
		873695A91CBA54A8002E9F81 /* kenteiBack.png in Resources */ = {isa = PBXBuildFile; fileRef = 873695A81CBA54A8002E9F81 /* kenteiBack.png */; };
		873695AB1CBA5553002E9F81 /* kenteiBackOn.png in Resources */ = {isa = PBXBuildFile; fileRef = 873695AA1CBA5553002E9F81 /* kenteiBackOn.png */; };
		873695AD1CBA5AE5002E9F81 /* kaisetsuBG.png in Resources */ = {isa = PBXBuildFile; fileRef = 873695AC1CBA5AE5002E9F81 /* kaisetsuBG.png */; };
		873695AF1CBA6320002E9F81 /* logo.png in Resources */ = {isa = PBXBuildFile; fileRef = 873695AE1CBA6320002E9F81 /* logo.png */; };
		873695B11CBA6333002E9F81 /* scoreBG.png in Resources */ = {isa = PBXBuildFile; fileRef = 873695B01CBA6333002E9F81 /* scoreBG.png */; };
		874945791CA3642500CF97C5 /* start.csv in Resources */ = {isa = PBXBuildFile; fileRef = 874945781CA3642500CF97C5 /* start.csv */; };
		8749457B1CA364DD00CF97C5 /* top_image.png in Resources */ = {isa = PBXBuildFile; fileRef = 8749457A1CA364DD00CF97C5 /* top_image.png */; };
		8749457F1CA3698D00CF97C5 /* btn_off.png in Resources */ = {isa = PBXBuildFile; fileRef = 8749457E1CA3698D00CF97C5 /* btn_off.png */; };
		876CA8141CACD1D4003FDC8B /* kentei.csv in Resources */ = {isa = PBXBuildFile; fileRef = 876CA8131CACD1D4003FDC8B /* kentei.csv */; };
		878B8E301C9C19BD001259C3 /* AppDelegate.swift in Sources */ = {isa = PBXBuildFile; fileRef = 878B8E2F1C9C19BD001259C3 /* AppDelegate.swift */; };
		878B8E321C9C19BD001259C3 /* ViewController.swift in Sources */ = {isa = PBXBuildFile; fileRef = 878B8E311C9C19BD001259C3 /* ViewController.swift */; };
		878B8E351C9C19BD001259C3 /* Main.storyboard in Resources */ = {isa = PBXBuildFile; fileRef = 878B8E331C9C19BD001259C3 /* Main.storyboard */; };
		878B8E371C9C19BD001259C3 /* Assets.xcassets in Resources */ = {isa = PBXBuildFile; fileRef = 878B8E361C9C19BD001259C3 /* Assets.xcassets */; };
		878B8E3A1C9C19BD001259C3 /* LaunchScreen.storyboard in Resources */ = {isa = PBXBuildFile; fileRef = 878B8E381C9C19BD001259C3 /* LaunchScreen.storyboard */; };
		878B8E451C9C19BD001259C3 /* QuizNursingCareAppTests.swift in Sources */ = {isa = PBXBuildFile; fileRef = 878B8E441C9C19BD001259C3 /* QuizNursingCareAppTests.swift */; };
		878B8E501C9C19BD001259C3 /* QuizNursingCareAppUITests.swift in Sources */ = {isa = PBXBuildFile; fileRef = 878B8E4F1C9C19BD001259C3 /* QuizNursingCareAppUITests.swift */; };
		878B8E641C9C1BD0001259C3 /* KenteiViewController.swift in Sources */ = {isa = PBXBuildFile; fileRef = 878B8E631C9C1BD0001259C3 /* KenteiViewController.swift */; };
		878B8E661C9C1BEC001259C3 /* ScoreViewController.swift in Sources */ = {isa = PBXBuildFile; fileRef = 878B8E651C9C1BEC001259C3 /* ScoreViewController.swift */; };
		878B8E681C9C21BD001259C3 /* ChoiceQuestionViewController.swift in Sources */ = {isa = PBXBuildFile; fileRef = 878B8E671C9C21BD001259C3 /* ChoiceQuestionViewController.swift */; };
		878B8E6C1C9C2BC9001259C3 /* csv in Resources */ = {isa = PBXBuildFile; fileRef = 878B8E691C9C2BC9001259C3 /* csv */; };
		878B8E6D1C9C2BC9001259C3 /* images in Resources */ = {isa = PBXBuildFile; fileRef = 878B8E6A1C9C2BC9001259C3 /* images */; };
		878B8E6E1C9C2BC9001259C3 /* se in Resources */ = {isa = PBXBuildFile; fileRef = 878B8E6B1C9C2BC9001259C3 /* se */; };
/* End PBXBuildFile section */

/* Begin PBXContainerItemProxy section */
		878B8E411C9C19BD001259C3 /* PBXContainerItemProxy */ = {
			isa = PBXContainerItemProxy;
			containerPortal = 878B8E241C9C19BD001259C3 /* Project object */;
			proxyType = 1;
			remoteGlobalIDString = 878B8E2B1C9C19BD001259C3;
			remoteInfo = QuizNursingCareApp;
		};
		878B8E4C1C9C19BD001259C3 /* PBXContainerItemProxy */ = {
			isa = PBXContainerItemProxy;
			containerPortal = 878B8E241C9C19BD001259C3 /* Project object */;
			proxyType = 1;
			remoteGlobalIDString = 878B8E2B1C9C19BD001259C3;
			remoteInfo = QuizNursingCareApp;
		};
/* End PBXContainerItemProxy section */

/* Begin PBXFileReference section */
		873695961CB89A69002E9F81 /* Goukaku.png */ = {isa = PBXFileReference; lastKnownFileType = image.png; name = Goukaku.png; path = images/Goukaku.png; sourceTree = "<group>"; };
		873695981CB89AB1002E9F81 /* Fugoukaku.png */ = {isa = PBXFileReference; lastKnownFileType = image.png; name = Fugoukaku.png; path = images/Fugoukaku.png; sourceTree = "<group>"; };
		8736959A1CB8E158002E9F81 /* btn_on.png */ = {isa = PBXFileReference; lastKnownFileType = image.png; name = btn_on.png; path = images/btn_on.png; sourceTree = "<group>"; };
		8736959C1CB8E178002E9F81 /* mondai_back_ground.png */ = {isa = PBXFileReference; lastKnownFileType = image.png; name = mondai_back_ground.png; path = images/mondai_back_ground.png; sourceTree = "<group>"; };
		873695A21CBA4F30002E9F81 /* maru.png */ = {isa = PBXFileReference; lastKnownFileType = image.png; name = maru.png; path = images/maru.png; sourceTree = "<group>"; };
		873695A41CBA4F3C002E9F81 /* batsu.png */ = {isa = PBXFileReference; lastKnownFileType = image.png; name = batsu.png; path = images/batsu.png; sourceTree = "<group>"; };
		873695A81CBA54A8002E9F81 /* kenteiBack.png */ = {isa = PBXFileReference; lastKnownFileType = image.png; name = kenteiBack.png; path = "../../../../Downloads/世界一受けたいiPhoneアプリ開発の授業_7/Chapter7/完成例/VeseKentei/VeseKentei/images/kenteiBack.png"; sourceTree = "<group>"; };
		873695AA1CBA5553002E9F81 /* kenteiBackOn.png */ = {isa = PBXFileReference; lastKnownFileType = image.png; name = kenteiBackOn.png; path = images/kenteiBackOn.png; sourceTree = "<group>"; };
		873695AC1CBA5AE5002E9F81 /* kaisetsuBG.png */ = {isa = PBXFileReference; lastKnownFileType = image.png; name = kaisetsuBG.png; path = images/kaisetsuBG.png; sourceTree = "<group>"; };
		873695AE1CBA6320002E9F81 /* logo.png */ = {isa = PBXFileReference; lastKnownFileType = image.png; name = logo.png; path = images/logo.png; sourceTree = "<group>"; };
		873695B01CBA6333002E9F81 /* scoreBG.png */ = {isa = PBXFileReference; lastKnownFileType = image.png; name = scoreBG.png; path = images/scoreBG.png; sourceTree = "<group>"; };
		874945781CA3642500CF97C5 /* start.csv */ = {isa = PBXFileReference; fileEncoding = 4; lastKnownFileType = text; path = start.csv; sourceTree = "<group>"; };
		8749457A1CA364DD00CF97C5 /* top_image.png */ = {isa = PBXFileReference; lastKnownFileType = image.png; name = top_image.png; path = images/top_image.png; sourceTree = "<group>"; };
		8749457E1CA3698D00CF97C5 /* btn_off.png */ = {isa = PBXFileReference; lastKnownFileType = image.png; name = btn_off.png; path = images/btn_off.png; sourceTree = "<group>"; };
		876CA8131CACD1D4003FDC8B /* kentei.csv */ = {isa = PBXFileReference; fileEncoding = 4; lastKnownFileType = text; name = kentei.csv; path = csv/kentei.csv; sourceTree = "<group>"; };
		878B8E2C1C9C19BD001259C3 /* QuizNursingCareApp.app */ = {isa = PBXFileReference; explicitFileType = wrapper.application; includeInIndex = 0; path = QuizNursingCareApp.app; sourceTree = BUILT_PRODUCTS_DIR; };
		878B8E2F1C9C19BD001259C3 /* AppDelegate.swift */ = {isa = PBXFileReference; lastKnownFileType = sourcecode.swift; path = AppDelegate.swift; sourceTree = "<group>"; };
		878B8E311C9C19BD001259C3 /* ViewController.swift */ = {isa = PBXFileReference; lastKnownFileType = sourcecode.swift; path = ViewController.swift; sourceTree = "<group>"; };
		878B8E341C9C19BD001259C3 /* Base */ = {isa = PBXFileReference; lastKnownFileType = file.storyboard; name = Base; path = Base.lproj/Main.storyboard; sourceTree = "<group>"; };
		878B8E361C9C19BD001259C3 /* Assets.xcassets */ = {isa = PBXFileReference; lastKnownFileType = folder.assetcatalog; path = Assets.xcassets; sourceTree = "<group>"; };
		878B8E391C9C19BD001259C3 /* Base */ = {isa = PBXFileReference; lastKnownFileType = file.storyboard; name = Base; path = Base.lproj/LaunchScreen.storyboard; sourceTree = "<group>"; };
		878B8E3B1C9C19BD001259C3 /* Info.plist */ = {isa = PBXFileReference; lastKnownFileType = text.plist.xml; path = Info.plist; sourceTree = "<group>"; };
		878B8E401C9C19BD001259C3 /* QuizNursingCareAppTests.xctest */ = {isa = PBXFileReference; explicitFileType = wrapper.cfbundle; includeInIndex = 0; path = QuizNursingCareAppTests.xctest; sourceTree = BUILT_PRODUCTS_DIR; };
		878B8E441C9C19BD001259C3 /* QuizNursingCareAppTests.swift */ = {isa = PBXFileReference; lastKnownFileType = sourcecode.swift; path = QuizNursingCareAppTests.swift; sourceTree = "<group>"; };
		878B8E461C9C19BD001259C3 /* Info.plist */ = {isa = PBXFileReference; lastKnownFileType = text.plist.xml; path = Info.plist; sourceTree = "<group>"; };
		878B8E4B1C9C19BD001259C3 /* QuizNursingCareAppUITests.xctest */ = {isa = PBXFileReference; explicitFileType = wrapper.cfbundle; includeInIndex = 0; path = QuizNursingCareAppUITests.xctest; sourceTree = BUILT_PRODUCTS_DIR; };
		878B8E4F1C9C19BD001259C3 /* QuizNursingCareAppUITests.swift */ = {isa = PBXFileReference; lastKnownFileType = sourcecode.swift; path = QuizNursingCareAppUITests.swift; sourceTree = "<group>"; };
		878B8E511C9C19BD001259C3 /* Info.plist */ = {isa = PBXFileReference; lastKnownFileType = text.plist.xml; path = Info.plist; sourceTree = "<group>"; };
		878B8E631C9C1BD0001259C3 /* KenteiViewController.swift */ = {isa = PBXFileReference; fileEncoding = 4; lastKnownFileType = sourcecode.swift; path = KenteiViewController.swift; sourceTree = "<group>"; };
		878B8E651C9C1BEC001259C3 /* ScoreViewController.swift */ = {isa = PBXFileReference; fileEncoding = 4; lastKnownFileType = sourcecode.swift; path = ScoreViewController.swift; sourceTree = "<group>"; };
		878B8E671C9C21BD001259C3 /* ChoiceQuestionViewController.swift */ = {isa = PBXFileReference; fileEncoding = 4; lastKnownFileType = sourcecode.swift; path = ChoiceQuestionViewController.swift; sourceTree = "<group>"; };
		878B8E691C9C2BC9001259C3 /* csv */ = {isa = PBXFileReference; lastKnownFileType = folder; path = csv; sourceTree = "<group>"; };
		878B8E6A1C9C2BC9001259C3 /* images */ = {isa = PBXFileReference; lastKnownFileType = folder; path = images; sourceTree = "<group>"; };
		878B8E6B1C9C2BC9001259C3 /* se */ = {isa = PBXFileReference; lastKnownFileType = folder; path = se; sourceTree = "<group>"; };
/* End PBXFileReference section */

/* Begin PBXFrameworksBuildPhase section */
		878B8E291C9C19BD001259C3 /* Frameworks */ = {
			isa = PBXFrameworksBuildPhase;
			buildActionMask = 2147483647;
			files = (
			);
			runOnlyForDeploymentPostprocessing = 0;
		};
		878B8E3D1C9C19BD001259C3 /* Frameworks */ = {
			isa = PBXFrameworksBuildPhase;
			buildActionMask = 2147483647;
			files = (
			);
			runOnlyForDeploymentPostprocessing = 0;
		};
		878B8E481C9C19BD001259C3 /* Frameworks */ = {
			isa = PBXFrameworksBuildPhase;
			buildActionMask = 2147483647;
			files = (
			);
			runOnlyForDeploymentPostprocessing = 0;
		};
/* End PBXFrameworksBuildPhase section */

/* Begin PBXGroup section */
		873695B21CBA8298002E9F81 /* Image */ = {
			isa = PBXGroup;
			children = (
				873695A81CBA54A8002E9F81 /* kenteiBack.png */,
				873695B01CBA6333002E9F81 /* scoreBG.png */,
				873695AC1CBA5AE5002E9F81 /* kaisetsuBG.png */,
				873695AA1CBA5553002E9F81 /* kenteiBackOn.png */,
				8749457A1CA364DD00CF97C5 /* top_image.png */,
				873695961CB89A69002E9F81 /* Goukaku.png */,
				873695A21CBA4F30002E9F81 /* maru.png */,
				8736959C1CB8E178002E9F81 /* mondai_back_ground.png */,
				873695981CB89AB1002E9F81 /* Fugoukaku.png */,
				873695A41CBA4F3C002E9F81 /* batsu.png */,
				8736959A1CB8E158002E9F81 /* btn_on.png */,
				873695AE1CBA6320002E9F81 /* logo.png */,
				8749457E1CA3698D00CF97C5 /* btn_off.png */,
			);
			name = Image;
			sourceTree = "<group>";
		};
		873695B31CBA82DC002E9F81 /* CSV */ = {
			isa = PBXGroup;
			children = (
				874945781CA3642500CF97C5 /* start.csv */,
				876CA8131CACD1D4003FDC8B /* kentei.csv */,
			);
			name = CSV;
			sourceTree = "<group>";
		};
		878B8E231C9C19BD001259C3 = {
			isa = PBXGroup;
			children = (
				878B8E2E1C9C19BD001259C3 /* QuizNursingCareApp */,
				878B8E431C9C19BD001259C3 /* QuizNursingCareAppTests */,
				878B8E4E1C9C19BD001259C3 /* QuizNursingCareAppUITests */,
				878B8E2D1C9C19BD001259C3 /* Products */,
			);
			sourceTree = "<group>";
		};
		878B8E2D1C9C19BD001259C3 /* Products */ = {
			isa = PBXGroup;
			children = (
				878B8E2C1C9C19BD001259C3 /* QuizNursingCareApp.app */,
				878B8E401C9C19BD001259C3 /* QuizNursingCareAppTests.xctest */,
				878B8E4B1C9C19BD001259C3 /* QuizNursingCareAppUITests.xctest */,
			);
			name = Products;
			sourceTree = "<group>";
		};
		878B8E2E1C9C19BD001259C3 /* QuizNursingCareApp */ = {
			isa = PBXGroup;
			children = (
				873695B31CBA82DC002E9F81 /* CSV */,
				873695B21CBA8298002E9F81 /* Image */,
				878B8E2F1C9C19BD001259C3 /* AppDelegate.swift */,
				878B8E311C9C19BD001259C3 /* ViewController.swift */,
				878B8E631C9C1BD0001259C3 /* KenteiViewController.swift */,
				878B8E671C9C21BD001259C3 /* ChoiceQuestionViewController.swift */,
				878B8E651C9C1BEC001259C3 /* ScoreViewController.swift */,
				878B8E331C9C19BD001259C3 /* Main.storyboard */,
				878B8E361C9C19BD001259C3 /* Assets.xcassets */,
				878B8E381C9C19BD001259C3 /* LaunchScreen.storyboard */,
				878B8E691C9C2BC9001259C3 /* csv */,
				878B8E6A1C9C2BC9001259C3 /* images */,
				878B8E6B1C9C2BC9001259C3 /* se */,
				878B8E3B1C9C19BD001259C3 /* Info.plist */,
			);
			path = QuizNursingCareApp;
			sourceTree = "<group>";
		};
		878B8E431C9C19BD001259C3 /* QuizNursingCareAppTests */ = {
			isa = PBXGroup;
			children = (
				878B8E441C9C19BD001259C3 /* QuizNursingCareAppTests.swift */,
				878B8E461C9C19BD001259C3 /* Info.plist */,
			);
			path = QuizNursingCareAppTests;
			sourceTree = "<group>";
		};
		878B8E4E1C9C19BD001259C3 /* QuizNursingCareAppUITests */ = {
			isa = PBXGroup;
			children = (
				878B8E4F1C9C19BD001259C3 /* QuizNursingCareAppUITests.swift */,
				878B8E511C9C19BD001259C3 /* Info.plist */,
			);
			path = QuizNursingCareAppUITests;
			sourceTree = "<group>";
		};
/* End PBXGroup section */

/* Begin PBXNativeTarget section */
		878B8E2B1C9C19BD001259C3 /* QuizNursingCareApp */ = {
			isa = PBXNativeTarget;
			buildConfigurationList = 878B8E541C9C19BD001259C3 /* Build configuration list for PBXNativeTarget "QuizNursingCareApp" */;
			buildPhases = (
				878B8E281C9C19BD001259C3 /* Sources */,
				878B8E291C9C19BD001259C3 /* Frameworks */,
				878B8E2A1C9C19BD001259C3 /* Resources */,
			);
			buildRules = (
			);
			dependencies = (
			);
			name = QuizNursingCareApp;
			productName = QuizNursingCareApp;
			productReference = 878B8E2C1C9C19BD001259C3 /* QuizNursingCareApp.app */;
			productType = "com.apple.product-type.application";
		};
		878B8E3F1C9C19BD001259C3 /* QuizNursingCareAppTests */ = {
			isa = PBXNativeTarget;
			buildConfigurationList = 878B8E571C9C19BD001259C3 /* Build configuration list for PBXNativeTarget "QuizNursingCareAppTests" */;
			buildPhases = (
				878B8E3C1C9C19BD001259C3 /* Sources */,
				878B8E3D1C9C19BD001259C3 /* Frameworks */,
				878B8E3E1C9C19BD001259C3 /* Resources */,
			);
			buildRules = (
			);
			dependencies = (
				878B8E421C9C19BD001259C3 /* PBXTargetDependency */,
			);
			name = QuizNursingCareAppTests;
			productName = QuizNursingCareAppTests;
			productReference = 878B8E401C9C19BD001259C3 /* QuizNursingCareAppTests.xctest */;
			productType = "com.apple.product-type.bundle.unit-test";
		};
		878B8E4A1C9C19BD001259C3 /* QuizNursingCareAppUITests */ = {
			isa = PBXNativeTarget;
			buildConfigurationList = 878B8E5A1C9C19BD001259C3 /* Build configuration list for PBXNativeTarget "QuizNursingCareAppUITests" */;
			buildPhases = (
				878B8E471C9C19BD001259C3 /* Sources */,
				878B8E481C9C19BD001259C3 /* Frameworks */,
				878B8E491C9C19BD001259C3 /* Resources */,
			);
			buildRules = (
			);
			dependencies = (
				878B8E4D1C9C19BD001259C3 /* PBXTargetDependency */,
			);
			name = QuizNursingCareAppUITests;
			productName = QuizNursingCareAppUITests;
			productReference = 878B8E4B1C9C19BD001259C3 /* QuizNursingCareAppUITests.xctest */;
			productType = "com.apple.product-type.bundle.ui-testing";
		};
/* End PBXNativeTarget section */

/* Begin PBXProject section */
		878B8E241C9C19BD001259C3 /* Project object */ = {
			isa = PBXProject;
			attributes = {
				LastSwiftUpdateCheck = 0720;
				LastUpgradeCheck = 0720;
				ORGANIZATIONNAME = "後藤健佑";
				TargetAttributes = {
					878B8E2B1C9C19BD001259C3 = {
						CreatedOnToolsVersion = 7.2.1;
						DevelopmentTeam = Z28FTL2M3V;
					};
					878B8E3F1C9C19BD001259C3 = {
						CreatedOnToolsVersion = 7.2.1;
						DevelopmentTeam = Z28FTL2M3V;
						TestTargetID = 878B8E2B1C9C19BD001259C3;
					};
					878B8E4A1C9C19BD001259C3 = {
						CreatedOnToolsVersion = 7.2.1;
						DevelopmentTeam = Z28FTL2M3V;
						TestTargetID = 878B8E2B1C9C19BD001259C3;
					};
				};
			};
			buildConfigurationList = 878B8E271C9C19BD001259C3 /* Build configuration list for PBXProject "QuizNursingCareApp" */;
			compatibilityVersion = "Xcode 3.2";
			developmentRegion = English;
			hasScannedForEncodings = 0;
			knownRegions = (
				en,
				Base,
			);
			mainGroup = 878B8E231C9C19BD001259C3;
			productRefGroup = 878B8E2D1C9C19BD001259C3 /* Products */;
			projectDirPath = "";
			projectRoot = "";
			targets = (
				878B8E2B1C9C19BD001259C3 /* QuizNursingCareApp */,
				878B8E3F1C9C19BD001259C3 /* QuizNursingCareAppTests */,
				878B8E4A1C9C19BD001259C3 /* QuizNursingCareAppUITests */,
			);
		};
/* End PBXProject section */

/* Begin PBXResourcesBuildPhase section */
		878B8E2A1C9C19BD001259C3 /* Resources */ = {
			isa = PBXResourcesBuildPhase;
			buildActionMask = 2147483647;
			files = (
				873695A31CBA4F30002E9F81 /* maru.png in Resources */,
				8749457F1CA3698D00CF97C5 /* btn_off.png in Resources */,
				873695AF1CBA6320002E9F81 /* logo.png in Resources */,
				8736959B1CB8E158002E9F81 /* btn_on.png in Resources */,
				873695B11CBA6333002E9F81 /* scoreBG.png in Resources */,
				873695A91CBA54A8002E9F81 /* kenteiBack.png in Resources */,
				878B8E6E1C9C2BC9001259C3 /* se in Resources */,
				878B8E6D1C9C2BC9001259C3 /* images in Resources */,
				878B8E3A1C9C19BD001259C3 /* LaunchScreen.storyboard in Resources */,
				874945791CA3642500CF97C5 /* start.csv in Resources */,
				873695A51CBA4F3C002E9F81 /* batsu.png in Resources */,
				878B8E371C9C19BD001259C3 /* Assets.xcassets in Resources */,
				873695AD1CBA5AE5002E9F81 /* kaisetsuBG.png in Resources */,
				876CA8141CACD1D4003FDC8B /* kentei.csv in Resources */,
				8749457B1CA364DD00CF97C5 /* top_image.png in Resources */,
				878B8E351C9C19BD001259C3 /* Main.storyboard in Resources */,
				878B8E6C1C9C2BC9001259C3 /* csv in Resources */,
				8736959D1CB8E178002E9F81 /* mondai_back_ground.png in Resources */,
				873695AB1CBA5553002E9F81 /* kenteiBackOn.png in Resources */,
				873695991CB89AB1002E9F81 /* Fugoukaku.png in Resources */,
				873695971CB89A69002E9F81 /* Goukaku.png in Resources */,
			);
			runOnlyForDeploymentPostprocessing = 0;
		};
		878B8E3E1C9C19BD001259C3 /* Resources */ = {
			isa = PBXResourcesBuildPhase;
			buildActionMask = 2147483647;
			files = (
			);
			runOnlyForDeploymentPostprocessing = 0;
		};
		878B8E491C9C19BD001259C3 /* Resources */ = {
			isa = PBXResourcesBuildPhase;
			buildActionMask = 2147483647;
			files = (
			);
			runOnlyForDeploymentPostprocessing = 0;
		};
/* End PBXResourcesBuildPhase section */

/* Begin PBXSourcesBuildPhase section */
		878B8E281C9C19BD001259C3 /* Sources */ = {
			isa = PBXSourcesBuildPhase;
			buildActionMask = 2147483647;
			files = (
				878B8E641C9C1BD0001259C3 /* KenteiViewController.swift in Sources */,
				878B8E321C9C19BD001259C3 /* ViewController.swift in Sources */,
				878B8E681C9C21BD001259C3 /* ChoiceQuestionViewController.swift in Sources */,
				878B8E301C9C19BD001259C3 /* AppDelegate.swift in Sources */,
				878B8E661C9C1BEC001259C3 /* ScoreViewController.swift in Sources */,
			);
			runOnlyForDeploymentPostprocessing = 0;
		};
		878B8E3C1C9C19BD001259C3 /* Sources */ = {
			isa = PBXSourcesBuildPhase;
			buildActionMask = 2147483647;
			files = (
				878B8E451C9C19BD001259C3 /* QuizNursingCareAppTests.swift in Sources */,
			);
			runOnlyForDeploymentPostprocessing = 0;
		};
		878B8E471C9C19BD001259C3 /* Sources */ = {
			isa = PBXSourcesBuildPhase;
			buildActionMask = 2147483647;
			files = (
				878B8E501C9C19BD001259C3 /* QuizNursingCareAppUITests.swift in Sources */,
			);
			runOnlyForDeploymentPostprocessing = 0;
		};
/* End PBXSourcesBuildPhase section */

/* Begin PBXTargetDependency section */
		878B8E421C9C19BD001259C3 /* PBXTargetDependency */ = {
			isa = PBXTargetDependency;
			target = 878B8E2B1C9C19BD001259C3 /* QuizNursingCareApp */;
			targetProxy = 878B8E411C9C19BD001259C3 /* PBXContainerItemProxy */;
		};
		878B8E4D1C9C19BD001259C3 /* PBXTargetDependency */ = {
			isa = PBXTargetDependency;
			target = 878B8E2B1C9C19BD001259C3 /* QuizNursingCareApp */;
			targetProxy = 878B8E4C1C9C19BD001259C3 /* PBXContainerItemProxy */;
		};
/* End PBXTargetDependency section */

/* Begin PBXVariantGroup section */
		878B8E331C9C19BD001259C3 /* Main.storyboard */ = {
			isa = PBXVariantGroup;
			children = (
				878B8E341C9C19BD001259C3 /* Base */,
			);
			name = Main.storyboard;
			sourceTree = "<group>";
		};
		878B8E381C9C19BD001259C3 /* LaunchScreen.storyboard */ = {
			isa = PBXVariantGroup;
			children = (
				878B8E391C9C19BD001259C3 /* Base */,
			);
			name = LaunchScreen.storyboard;
			sourceTree = "<group>";
		};
/* End PBXVariantGroup section */

/* Begin XCBuildConfiguration section */
		878B8E521C9C19BD001259C3 /* Debug */ = {
			isa = XCBuildConfiguration;
			buildSettings = {
				ALWAYS_SEARCH_USER_PATHS = NO;
				CLANG_CXX_LANGUAGE_STANDARD = "gnu++0x";
				CLANG_CXX_LIBRARY = "libc++";
				CLANG_ENABLE_MODULES = YES;
				CLANG_ENABLE_OBJC_ARC = YES;
				CLANG_WARN_BOOL_CONVERSION = YES;
				CLANG_WARN_CONSTANT_CONVERSION = YES;
				CLANG_WARN_DIRECT_OBJC_ISA_USAGE = YES_ERROR;
				CLANG_WARN_EMPTY_BODY = YES;
				CLANG_WARN_ENUM_CONVERSION = YES;
				CLANG_WARN_INT_CONVERSION = YES;
				CLANG_WARN_OBJC_ROOT_CLASS = YES_ERROR;
				CLANG_WARN_UNREACHABLE_CODE = YES;
				CLANG_WARN__DUPLICATE_METHOD_MATCH = YES;
				"CODE_SIGN_IDENTITY[sdk=iphoneos*]" = "iPhone Developer";
				COPY_PHASE_STRIP = NO;
				DEBUG_INFORMATION_FORMAT = dwarf;
				ENABLE_STRICT_OBJC_MSGSEND = YES;
				ENABLE_TESTABILITY = YES;
				GCC_C_LANGUAGE_STANDARD = gnu99;
				GCC_DYNAMIC_NO_PIC = NO;
				GCC_NO_COMMON_BLOCKS = YES;
				GCC_OPTIMIZATION_LEVEL = 0;
				GCC_PREPROCESSOR_DEFINITIONS = (
					"DEBUG=1",
					"$(inherited)",
				);
				GCC_WARN_64_TO_32_BIT_CONVERSION = YES;
				GCC_WARN_ABOUT_RETURN_TYPE = YES_ERROR;
				GCC_WARN_UNDECLARED_SELECTOR = YES;
				GCC_WARN_UNINITIALIZED_AUTOS = YES_AGGRESSIVE;
				GCC_WARN_UNUSED_FUNCTION = YES;
				GCC_WARN_UNUSED_VARIABLE = YES;
				IPHONEOS_DEPLOYMENT_TARGET = 9.2;
				MTL_ENABLE_DEBUG_INFO = YES;
				ONLY_ACTIVE_ARCH = YES;
				SDKROOT = iphoneos;
				SWIFT_OPTIMIZATION_LEVEL = "-Onone";
			};
			name = Debug;
		};
		878B8E531C9C19BD001259C3 /* Release */ = {
			isa = XCBuildConfiguration;
			buildSettings = {
				ALWAYS_SEARCH_USER_PATHS = NO;
				CLANG_CXX_LANGUAGE_STANDARD = "gnu++0x";
				CLANG_CXX_LIBRARY = "libc++";
				CLANG_ENABLE_MODULES = YES;
				CLANG_ENABLE_OBJC_ARC = YES;
				CLANG_WARN_BOOL_CONVERSION = YES;
				CLANG_WARN_CONSTANT_CONVERSION = YES;
				CLANG_WARN_DIRECT_OBJC_ISA_USAGE = YES_ERROR;
				CLANG_WARN_EMPTY_BODY = YES;
				CLANG_WARN_ENUM_CONVERSION = YES;
				CLANG_WARN_INT_CONVERSION = YES;
				CLANG_WARN_OBJC_ROOT_CLASS = YES_ERROR;
				CLANG_WARN_UNREACHABLE_CODE = YES;
				CLANG_WARN__DUPLICATE_METHOD_MATCH = YES;
				"CODE_SIGN_IDENTITY[sdk=iphoneos*]" = "iPhone Developer";
				COPY_PHASE_STRIP = NO;
				DEBUG_INFORMATION_FORMAT = "dwarf-with-dsym";
				ENABLE_NS_ASSERTIONS = NO;
				ENABLE_STRICT_OBJC_MSGSEND = YES;
				GCC_C_LANGUAGE_STANDARD = gnu99;
				GCC_NO_COMMON_BLOCKS = YES;
				GCC_WARN_64_TO_32_BIT_CONVERSION = YES;
				GCC_WARN_ABOUT_RETURN_TYPE = YES_ERROR;
				GCC_WARN_UNDECLARED_SELECTOR = YES;
				GCC_WARN_UNINITIALIZED_AUTOS = YES_AGGRESSIVE;
				GCC_WARN_UNUSED_FUNCTION = YES;
				GCC_WARN_UNUSED_VARIABLE = YES;
				IPHONEOS_DEPLOYMENT_TARGET = 9.2;
				MTL_ENABLE_DEBUG_INFO = NO;
				SDKROOT = iphoneos;
				VALIDATE_PRODUCT = YES;
			};
			name = Release;
		};
		878B8E551C9C19BD001259C3 /* Debug */ = {
			isa = XCBuildConfiguration;
			buildSettings = {
				ASSETCATALOG_COMPILER_APPICON_NAME = AppIcon;
				INFOPLIST_FILE = QuizNursingCareApp/Info.plist;
				LD_RUNPATH_SEARCH_PATHS = "$(inherited) @executable_path/Frameworks";
				PRODUCT_BUNDLE_IDENTIFIER = com.QuizNursingCare.QuizNursingCareApp;
				PRODUCT_NAME = "$(TARGET_NAME)";
			};
			name = Debug;
		};
		878B8E561C9C19BD001259C3 /* Release */ = {
			isa = XCBuildConfiguration;
			buildSettings = {
				ASSETCATALOG_COMPILER_APPICON_NAME = AppIcon;
				INFOPLIST_FILE = QuizNursingCareApp/Info.plist;
				LD_RUNPATH_SEARCH_PATHS = "$(inherited) @executable_path/Frameworks";
				PRODUCT_BUNDLE_IDENTIFIER = com.QuizNursingCare.QuizNursingCareApp;
				PRODUCT_NAME = "$(TARGET_NAME)";
			};
			name = Release;
		};
		878B8E581C9C19BD001259C3 /* Debug */ = {
			isa = XCBuildConfiguration;
			buildSettings = {
				BUNDLE_LOADER = "$(TEST_HOST)";
				INFOPLIST_FILE = QuizNursingCareAppTests/Info.plist;
				LD_RUNPATH_SEARCH_PATHS = "$(inherited) @executable_path/Frameworks @loader_path/Frameworks";
				PRODUCT_BUNDLE_IDENTIFIER = com.QuizNursingCare.QuizNursingCareAppTests;
				PRODUCT_NAME = "$(TARGET_NAME)";
				TEST_HOST = "$(BUILT_PRODUCTS_DIR)/QuizNursingCareApp.app/QuizNursingCareApp";
			};
			name = Debug;
		};
		878B8E591C9C19BD001259C3 /* Release */ = {
			isa = XCBuildConfiguration;
			buildSettings = {
				BUNDLE_LOADER = "$(TEST_HOST)";
				INFOPLIST_FILE = QuizNursingCareAppTests/Info.plist;
				LD_RUNPATH_SEARCH_PATHS = "$(inherited) @executable_path/Frameworks @loader_path/Frameworks";
				PRODUCT_BUNDLE_IDENTIFIER = com.QuizNursingCare.QuizNursingCareAppTests;
				PRODUCT_NAME = "$(TARGET_NAME)";
				TEST_HOST = "$(BUILT_PRODUCTS_DIR)/QuizNursingCareApp.app/QuizNursingCareApp";
			};
			name = Release;
		};
		878B8E5B1C9C19BD001259C3 /* Debug */ = {
			isa = XCBuildConfiguration;
			buildSettings = {
				INFOPLIST_FILE = QuizNursingCareAppUITests/Info.plist;
				LD_RUNPATH_SEARCH_PATHS = "$(inherited) @executable_path/Frameworks @loader_path/Frameworks";
				PRODUCT_BUNDLE_IDENTIFIER = com.QuizNursingCare.QuizNursingCareAppUITests;
				PRODUCT_NAME = "$(TARGET_NAME)";
				TEST_TARGET_NAME = QuizNursingCareApp;
				USES_XCTRUNNER = YES;
			};
			name = Debug;
		};
		878B8E5C1C9C19BD001259C3 /* Release */ = {
			isa = XCBuildConfiguration;
			buildSettings = {
				INFOPLIST_FILE = QuizNursingCareAppUITests/Info.plist;
				LD_RUNPATH_SEARCH_PATHS = "$(inherited) @executable_path/Frameworks @loader_path/Frameworks";
				PRODUCT_BUNDLE_IDENTIFIER = com.QuizNursingCare.QuizNursingCareAppUITests;
				PRODUCT_NAME = "$(TARGET_NAME)";
				TEST_TARGET_NAME = QuizNursingCareApp;
				USES_XCTRUNNER = YES;
			};
			name = Release;
		};
/* End XCBuildConfiguration section */

/* Begin XCConfigurationList section */
		878B8E271C9C19BD001259C3 /* Build configuration list for PBXProject "QuizNursingCareApp" */ = {
			isa = XCConfigurationList;
			buildConfigurations = (
				878B8E521C9C19BD001259C3 /* Debug */,
				878B8E531C9C19BD001259C3 /* Release */,
			);
			defaultConfigurationIsVisible = 0;
			defaultConfigurationName = Release;
		};
		878B8E541C9C19BD001259C3 /* Build configuration list for PBXNativeTarget "QuizNursingCareApp" */ = {
			isa = XCConfigurationList;
			buildConfigurations = (
				878B8E551C9C19BD001259C3 /* Debug */,
				878B8E561C9C19BD001259C3 /* Release */,
			);
			defaultConfigurationIsVisible = 0;
			defaultConfigurationName = Release;
		};
		878B8E571C9C19BD001259C3 /* Build configuration list for PBXNativeTarget "QuizNursingCareAppTests" */ = {
			isa = XCConfigurationList;
			buildConfigurations = (
				878B8E581C9C19BD001259C3 /* Debug */,
				878B8E591C9C19BD001259C3 /* Release */,
			);
			defaultConfigurationIsVisible = 0;
			defaultConfigurationName = Release;
		};
		878B8E5A1C9C19BD001259C3 /* Build configuration list for PBXNativeTarget "QuizNursingCareAppUITests" */ = {
			isa = XCConfigurationList;
			buildConfigurations = (
				878B8E5B1C9C19BD001259C3 /* Debug */,
				878B8E5C1C9C19BD001259C3 /* Release */,
			);
			defaultConfigurationIsVisible = 0;
			defaultConfigurationName = Release;
		};
/* End XCConfigurationList section */
	};
	rootObject = 878B8E241C9C19BD001259C3 /* Project object */;
}
